
Microsoft Visual Studio Solution File, Format Version 12.00
# Visual Studio Version 17
VisualStudioVersion = 17.2.32630.192
MinimumVisualStudioVersion = 10.0.40219.1
Project("{FAE04EC0-301F-11D3-BF4B-00C04F79EFBC}") = "Tana_Blazor", "Tana_Blazor\Tana_Blazor.csproj", "{C1CF4CC9-9C52-447C-87C7-138753FB1899}"
EndProject
Global
	GlobalSection(SolutionConfigurationPlatforms) = preSolution
		Debug|Any CPU = Debug|Any CPU
		Release|Any CPU = Release|Any CPU
	EndGlobalSection
	GlobalSection(ProjectConfigurationPlatforms) = postSolution
		{C1CF4CC9-9C52-447C-87C7-138753FB1899}.Debug|Any CPU.ActiveCfg = Debug|Any CPU
		{C1CF4CC9-9C52-447C-87C7-138753FB1899}.Debug|Any CPU.Build.0 = Debug|Any CPU
		{C1CF4CC9-9C52-447C-87C7-138753FB1899}.Release|Any CPU.ActiveCfg = Release|Any CPU
		{C1CF4CC9-9C52-447C-87C7-138753FB1899}.Release|Any CPU.Build.0 = Release|Any CPU
	EndGlobalSection
	GlobalSection(SolutionProperties) = preSolution
		HideSolutionNode = FALSE
	EndGlobalSection
	GlobalSection(ExtensibilityGlobals) = postSolution
		SolutionGuid = {482CCBD9-3A75-43E0-8C38-54E28C1BAA60}
	EndGlobalSection
EndGlobal
